
Microsoft Visual Studio Solution File, Format Version 12.00
# Visual Studio Version 17
VisualStudioVersion = 17.2.32630.192
MinimumVisualStudioVersion = 10.0.40219.1
Project("{9A19103F-16F7-4668-BE54-9A1E7A4F7556}") = "R5T.T0218.Construction", "R5T.T0218.Construction\R5T.T0218.Construction.csproj", "{A014004C-9126-49A7-8FA5-2FA94AA96211}"
EndProject
Project("{9A19103F-16F7-4668-BE54-9A1E7A4F7556}") = "R5T.T0218", "R5T.T0218\R5T.T0218.csproj", "{0C1258D5-23AF-4CDD-9702-C9C58C9767F5}"
EndProject
Project("{2150E333-8FDC-42A3-9474-1A3956D46DE8}") = "_Dependencies", "_Dependencies", "{D913E9F1-BDE5-4FDC-BE74-849F0E3E777E}"
EndProject
Project("{9A19103F-16F7-4668-BE54-9A1E7A4F7556}") = "R5T.T0132", "..\..\R5T.T0132\source\R5T.T0132\R5T.T0132.csproj", "{3B1403B4-6AAD-425A-9634-7DC594C169FA}"
EndProject
Project("{9A19103F-16F7-4668-BE54-9A1E7A4F7556}") = "R5T.T0143", "..\..\R5T.T0143\source\R5T.T0143\R5T.T0143.csproj", "{B477CA80-BAAD-4124-A3B4-E403F63A9BA4}"
EndProject
Project("{9A19103F-16F7-4668-BE54-9A1E7A4F7556}") = "R5T.T0178", "..\..\R5T.T0178\source\R5T.T0178\R5T.T0178.csproj", "{C9AC1F32-5270-40D1-852C-2330CF99228B}"
EndProject
Project("{9A19103F-16F7-4668-BE54-9A1E7A4F7556}") = "R5T.T0179", "..\..\R5T.T0179\source\R5T.T0179\R5T.T0179.csproj", "{BC6E3C63-654B-4844-B55C-917935BCACCA}"
EndProject
Global
	GlobalSection(NestedProjects) = preSolution
		{3B1403B4-6AAD-425A-9634-7DC594C169FA} = {D913E9F1-BDE5-4FDC-BE74-849F0E3E777E}
		{B477CA80-BAAD-4124-A3B4-E403F63A9BA4} = {D913E9F1-BDE5-4FDC-BE74-849F0E3E777E}
		{C9AC1F32-5270-40D1-852C-2330CF99228B} = {D913E9F1-BDE5-4FDC-BE74-849F0E3E777E}
		{BC6E3C63-654B-4844-B55C-917935BCACCA} = {D913E9F1-BDE5-4FDC-BE74-849F0E3E777E}
	EndGlobalSection
	GlobalSection(SolutionConfigurationPlatforms) = preSolution
		Debug|Any CPU = Debug|Any CPU
		Release|Any CPU = Release|Any CPU
	EndGlobalSection
	GlobalSection(ProjectConfigurationPlatforms) = postSolution
		{A014004C-9126-49A7-8FA5-2FA94AA96211}.Debug|Any CPU.ActiveCfg = Debug|Any CPU
		{A014004C-9126-49A7-8FA5-2FA94AA96211}.Debug|Any CPU.Build.0 = Debug|Any CPU
		{A014004C-9126-49A7-8FA5-2FA94AA96211}.Release|Any CPU.ActiveCfg = Release|Any CPU
		{A014004C-9126-49A7-8FA5-2FA94AA96211}.Release|Any CPU.Build.0 = Release|Any CPU
		{0C1258D5-23AF-4CDD-9702-C9C58C9767F5}.Debug|Any CPU.ActiveCfg = Debug|Any CPU
		{0C1258D5-23AF-4CDD-9702-C9C58C9767F5}.Debug|Any CPU.Build.0 = Debug|Any CPU
		{0C1258D5-23AF-4CDD-9702-C9C58C9767F5}.Release|Any CPU.ActiveCfg = Release|Any CPU
		{0C1258D5-23AF-4CDD-9702-C9C58C9767F5}.Release|Any CPU.Build.0 = Release|Any CPU
		{3B1403B4-6AAD-425A-9634-7DC594C169FA}.Debug|Any CPU.ActiveCfg = Debug|Any CPU
		{3B1403B4-6AAD-425A-9634-7DC594C169FA}.Debug|Any CPU.Build.0 = Debug|Any CPU
		{3B1403B4-6AAD-425A-9634-7DC594C169FA}.Release|Any CPU.ActiveCfg = Release|Any CPU
		{3B1403B4-6AAD-425A-9634-7DC594C169FA}.Release|Any CPU.Build.0 = Release|Any CPU
		{B477CA80-BAAD-4124-A3B4-E403F63A9BA4}.Debug|Any CPU.ActiveCfg = Debug|Any CPU
		{B477CA80-BAAD-4124-A3B4-E403F63A9BA4}.Debug|Any CPU.Build.0 = Debug|Any CPU
		{B477CA80-BAAD-4124-A3B4-E403F63A9BA4}.Release|Any CPU.ActiveCfg = Release|Any CPU
		{B477CA80-BAAD-4124-A3B4-E403F63A9BA4}.Release|Any CPU.Build.0 = Release|Any CPU
		{C9AC1F32-5270-40D1-852C-2330CF99228B}.Debug|Any CPU.ActiveCfg = Debug|Any CPU
		{C9AC1F32-5270-40D1-852C-2330CF99228B}.Debug|Any CPU.Build.0 = Debug|Any CPU
		{C9AC1F32-5270-40D1-852C-2330CF99228B}.Release|Any CPU.ActiveCfg = Release|Any CPU
		{C9AC1F32-5270-40D1-852C-2330CF99228B}.Release|Any CPU.Build.0 = Release|Any CPU
		{BC6E3C63-654B-4844-B55C-917935BCACCA}.Debug|Any CPU.ActiveCfg = Debug|Any CPU
		{BC6E3C63-654B-4844-B55C-917935BCACCA}.Debug|Any CPU.Build.0 = Debug|Any CPU
		{BC6E3C63-654B-4844-B55C-917935BCACCA}.Release|Any CPU.ActiveCfg = Release|Any CPU
		{BC6E3C63-654B-4844-B55C-917935BCACCA}.Release|Any CPU.Build.0 = Release|Any CPU
	EndGlobalSection
	GlobalSection(SolutionProperties) = preSolution
		HideSolutionNode = FALSE
	EndGlobalSection
	GlobalSection(ExtensibilityGlobals) = postSolution
		SolutionGuid = {780B391C-3AAD-45A0-AB36-353F3858FC94}
	EndGlobalSection
EndGlobal
